
Microsoft Visual Studio Solution File, Format Version 12.00
# Visual Studio Version 16
VisualStudioVersion = 16.0.29806.167
MinimumVisualStudioVersion = 10.0.40219.1
Project("{9A19103F-16F7-4668-BE54-9A1E7A4F7556}") = "TransactionStore.API", "TransactionStore\TransactionStore.API.csproj", "{74FE0804-79C3-4A1D-9E80-AEF4A0EB734E}"
EndProject
Project("{9A19103F-16F7-4668-BE54-9A1E7A4F7556}") = "TransactionStore.DB", "TransactionStore.DB\TransactionStore.DB.csproj", "{90B69A2F-6624-408E-A66F-4CF03B516722}"
EndProject
Project("{9A19103F-16F7-4668-BE54-9A1E7A4F7556}") = "TransactionStore.Repository", "TransactionStore.Repository\TransactionStore.Repository.csproj", "{6FA8103D-9D65-42B5-9CBB-90CFB95B809D}"
EndProject
Project("{9A19103F-16F7-4668-BE54-9A1E7A4F7556}") = "TransactionStore.Core", "TransactionStore.Core\TransactionStore.Core.csproj", "{9D83BADA-DF7D-4B4D-9B31-A7BC1CC68A0F}"
EndProject
Project("{FAE04EC0-301F-11D3-BF4B-00C04F79EFBC}") = "TransactionStore.Tests", "TransactionStore.Tests\TransactionStore.Tests.csproj", "{4D8FD948-0879-40FB-9E0F-ED20761E6700}"
EndProject
Global
	GlobalSection(SolutionConfigurationPlatforms) = preSolution
		Debug|Any CPU = Debug|Any CPU
		Release|Any CPU = Release|Any CPU
	EndGlobalSection
	GlobalSection(ProjectConfigurationPlatforms) = postSolution
		{74FE0804-79C3-4A1D-9E80-AEF4A0EB734E}.Debug|Any CPU.ActiveCfg = Debug|Any CPU
		{74FE0804-79C3-4A1D-9E80-AEF4A0EB734E}.Debug|Any CPU.Build.0 = Debug|Any CPU
		{74FE0804-79C3-4A1D-9E80-AEF4A0EB734E}.Release|Any CPU.ActiveCfg = Release|Any CPU
		{74FE0804-79C3-4A1D-9E80-AEF4A0EB734E}.Release|Any CPU.Build.0 = Release|Any CPU
		{90B69A2F-6624-408E-A66F-4CF03B516722}.Debug|Any CPU.ActiveCfg = Debug|Any CPU
		{90B69A2F-6624-408E-A66F-4CF03B516722}.Debug|Any CPU.Build.0 = Debug|Any CPU
		{90B69A2F-6624-408E-A66F-4CF03B516722}.Release|Any CPU.ActiveCfg = Release|Any CPU
		{90B69A2F-6624-408E-A66F-4CF03B516722}.Release|Any CPU.Build.0 = Release|Any CPU
		{6FA8103D-9D65-42B5-9CBB-90CFB95B809D}.Debug|Any CPU.ActiveCfg = Debug|Any CPU
		{6FA8103D-9D65-42B5-9CBB-90CFB95B809D}.Debug|Any CPU.Build.0 = Debug|Any CPU
		{6FA8103D-9D65-42B5-9CBB-90CFB95B809D}.Release|Any CPU.ActiveCfg = Release|Any CPU
		{6FA8103D-9D65-42B5-9CBB-90CFB95B809D}.Release|Any CPU.Build.0 = Release|Any CPU
		{9D83BADA-DF7D-4B4D-9B31-A7BC1CC68A0F}.Debug|Any CPU.ActiveCfg = Debug|Any CPU
		{9D83BADA-DF7D-4B4D-9B31-A7BC1CC68A0F}.Debug|Any CPU.Build.0 = Debug|Any CPU
		{9D83BADA-DF7D-4B4D-9B31-A7BC1CC68A0F}.Release|Any CPU.ActiveCfg = Release|Any CPU
		{9D83BADA-DF7D-4B4D-9B31-A7BC1CC68A0F}.Release|Any CPU.Build.0 = Release|Any CPU
		{4D8FD948-0879-40FB-9E0F-ED20761E6700}.Debug|Any CPU.ActiveCfg = Debug|Any CPU
		{4D8FD948-0879-40FB-9E0F-ED20761E6700}.Debug|Any CPU.Build.0 = Debug|Any CPU
		{4D8FD948-0879-40FB-9E0F-ED20761E6700}.Release|Any CPU.ActiveCfg = Release|Any CPU
		{4D8FD948-0879-40FB-9E0F-ED20761E6700}.Release|Any CPU.Build.0 = Release|Any CPU
	EndGlobalSection
	GlobalSection(SolutionProperties) = preSolution
		HideSolutionNode = FALSE
	EndGlobalSection
	GlobalSection(ExtensibilityGlobals) = postSolution
		SolutionGuid = {AE1B8AEF-C792-464D-A50D-F60EF1C54D72}
	EndGlobalSection
EndGlobal
